
Microsoft Visual Studio Solution File, Format Version 10.00
# Visual C++ Express 2008
Project("{8BC9CEB8-8B4A-11D0-8D11-00A0C91BC942}") = "ogdf", "ogdf.vcproj", "{7801D1BE-E2FE-476B-A4B4-5D27F387F479}"
EndProject
Project("{8BC9CEB8-8B4A-11D0-8D11-00A0C91BC942}") = "viewinfinity", "viewinfinity.vcproj", "{F5F571C9-6ED8-4250-944F-FF009C49DD51}"
	ProjectSection(ProjectDependencies) = postProject
		{7801D1BE-E2FE-476B-A4B4-5D27F387F479} = {7801D1BE-E2FE-476B-A4B4-5D27F387F479}
	EndProjectSection
EndProject
Global
	GlobalSection(SolutionConfigurationPlatforms) = preSolution
		Debug|Win32 = Debug|Win32
		Release|Win32 = Release|Win32
	EndGlobalSection
	GlobalSection(ProjectConfigurationPlatforms) = postSolution
		{7801D1BE-E2FE-476B-A4B4-5D27F387F479}.Debug|Win32.ActiveCfg = Debug|Win32
		{7801D1BE-E2FE-476B-A4B4-5D27F387F479}.Debug|Win32.Build.0 = Debug|Win32
		{7801D1BE-E2FE-476B-A4B4-5D27F387F479}.Release|Win32.ActiveCfg = Release|Win32
		{7801D1BE-E2FE-476B-A4B4-5D27F387F479}.Release|Win32.Build.0 = Release|Win32
		{F5F571C9-6ED8-4250-944F-FF009C49DD51}.Debug|Win32.ActiveCfg = Debug|Win32
		{F5F571C9-6ED8-4250-944F-FF009C49DD51}.Debug|Win32.Build.0 = Debug|Win32
		{F5F571C9-6ED8-4250-944F-FF009C49DD51}.Release|Win32.ActiveCfg = Release|Win32
		{F5F571C9-6ED8-4250-944F-FF009C49DD51}.Release|Win32.Build.0 = Release|Win32
	EndGlobalSection
	GlobalSection(SolutionProperties) = preSolution
		HideSolutionNode = FALSE
	EndGlobalSection
EndGlobal
